lockfileVersion: '9.0'

settings:
  autoInstallPeers: true
  excludeLinksFromLockfile: false

importers:

  .:
    dependencies:
      highlight.js:
        specifier: ^11.11.1
        version: 11.11.1
      marked:
        specifier: ^17.0.4
        version: 17.0.4
      marked-highlight:
        specifier: ^2.2.3
        version: 2.2.3(marked@17.0.4)
    devDependencies:
      '@types/node':
        specifier: ^22.0.0
        version: 22.19.15
      typescript:
        specifier: ^5.9.3
        version: 5.9.3

packages:

  '@types/node@22.19.15':
    resolution: {integrity: sha512-F0R/h2+dsy5wJAUe3tAU6oqa2qbWY5TpNfL/RGmo1y38hiyO1w3x2jPtt76wmuaJI4DQnOBu21cNXQ2STIUUWg==}

  highlight.js@11.11.1:
    resolution: {integrity: sha512-Xwwo44whKBVCYoliBQwaPvtd/2tYFkRQtXDWj1nackaV2JPXx3L0+Jvd8/qCJ2p+ML0/XVkJ2q+Mr+UVdpJK5w==}
    engines: {node: '>=12.0.0'}

  marked-highlight@2.2.3:
    resolution: {integrity: sha512-FCfZRxW/msZAiasCML4isYpxyQWKEEx44vOgdn5Kloae+Qc3q4XR7WjpKKf8oMLk7JP9ZCRd2vhtclJFdwxlWQ==}
    peerDependencies:
      marked: '>=4 <18'

  marked@17.0.4:
    resolution: {integrity: sha512-NOmVMM+KAokHMvjWmC5N/ZOvgmSWuqJB8FoYI019j4ogb/PeRMKoKIjReZ2w3376kkA8dSJIP8uD993Kxc0iRQ==}
    engines: {node: '>= 20'}
    hasBin: true

  typescript@5.9.3:
    resolution: {integrity: sha512-jl1vZzPDinLr9eUt3J/t7V6FgNEw9QjvBPdysz9KfQDD41fQrC2Y4vKQdiaUpFT4bXlb1RHhLpp8wtm6M5TgSw==}
    engines: {node: '>=14.17'}
    hasBin: true

  undici-types@6.21.0:
    resolution: {integrity: sha512-iwDZqg0QAGrg9Rav5H4n0M64c3mkR59cJ6wQp+7C4nI0gsmExaedaYLNO44eT4AtBBwjbTiGPMlt2Md0T9H9JQ==}

snapshots:

  '@types/node@22.19.15':
    dependencies:
      undici-types: 6.21.0

  highlight.js@11.11.1: {}

  marked-highlight@2.2.3(marked@17.0.4):
    dependencies:
      marked: 17.0.4

  marked@17.0.4: {}

  typescript@5.9.3: {}

  undici-types@6.21.0: {}
